
Microsoft Visual Studio Solution File, Format Version 12.00
# Visual Studio Version 16
VisualStudioVersion = 16.0.809.3
MinimumVisualStudioVersion = 10.0.40219.1
Project("{FAE04EC0-301F-11D3-BF4B-00C04F79EFBC}") = "cet322finaltodo", "cet322finaltodo\cet322finaltodo.csproj", "{1353AC26-1F25-4054-9C1F-5AB5C278C5D9}"
EndProject
Global
	GlobalSection(SolutionConfigurationPlatforms) = preSolution
		Debug|Any CPU = Debug|Any CPU
		Release|Any CPU = Release|Any CPU
	EndGlobalSection
	GlobalSection(ProjectConfigurationPlatforms) = postSolution
		{1353AC26-1F25-4054-9C1F-5AB5C278C5D9}.Debug|Any CPU.ActiveCfg = Debug|Any CPU
		{1353AC26-1F25-4054-9C1F-5AB5C278C5D9}.Debug|Any CPU.Build.0 = Debug|Any CPU
		{1353AC26-1F25-4054-9C1F-5AB5C278C5D9}.Release|Any CPU.ActiveCfg = Release|Any CPU
		{1353AC26-1F25-4054-9C1F-5AB5C278C5D9}.Release|Any CPU.Build.0 = Release|Any CPU
	EndGlobalSection
	GlobalSection(SolutionProperties) = preSolution
		HideSolutionNode = FALSE
	EndGlobalSection
	GlobalSection(ExtensibilityGlobals) = postSolution
		SolutionGuid = {1602198B-1EDF-4B86-9A46-096C3865BB0C}
	EndGlobalSection
EndGlobal
